{
  "schema_version": "uncrustables-amazon-mutation-lease/v1",
  "immutable_plan_sha256": "8badb989fc9bc5ee9c7ced63029ef9c8cea01d1b494c5766330709dfcf17c477",
  "lease_id": "73fcd5ec-83f4-4c86-9581-c92a555a9f40",
  "acquired_at": "2026-07-18T23:54:13.978Z",
  "process_id": 94692,
  "purpose": "OFFER_SETTLE_ONLY:URP-20260718T083203612Z"
}
